PODS:
  - Alamofire (5.6.2)
  - AlamofireImage (4.2.0):
    - Alamofire (~> 5.4)
  - Realm (10.32.1):
    - Realm/Headers (= 10.32.1)
  - Realm/Headers (10.32.1)
  - RealmSwift (10.32.1):
    - Realm (= 10.32.1)

DEPENDENCIES:
  - Alamofire (~> 5.6)
  - AlamofireImage (~> 4.2)
  - RealmSwift (~> 10.32)

SPEC REPOS:
  trunk:
    - Alamofire
    - AlamofireImage
    - Realm
    - RealmSwift

SPEC CHECKSUMS:
  Alamofire: d368e1ff8a298e6dde360e35a3e68e6c610e7204
  AlamofireImage: 34a2d90b0e5fe6a5605f85ae4b7b01e784c60192
  Realm: fd821b81e5479be497cc5bca2e020f707d8323eb
  RealmSwift: 8635e4cc524790916d72b0ffa51c1a91f4ec9668

PODFILE CHECKSUM: dbf1687b9a40222175c8fd5659695da35c932568

COCOAPODS: 1.11.3
